Microsoft Visual Studio Solution File, Format Version 12.00
# Visual Studio Version 17
VisualStudioVersion = 17.0.31903.59
MinimumVisualStudioVersion = 10.0.40219.1
Project("{FAE04EC0-301F-11D3-BF4B-00C04F79EFBC}") = "CompatLayer", "CompatLayer\CompatLayer.csproj", "{CB2100BC-F653-402A-9FBA-EA463C2BD4FC}"
EndProject
Project("{FAE04EC0-301F-11D3-BF4B-00C04F79EFBC}") = "CakeBuild", "CakeBuild\CakeBuild.csproj", "{BC68EDF6-C294-4819-B7F4-9EA99B73E69D}"
EndProject
Project("{2150E333-8FDC-42A3-9474-1A3956D46DE8}") = "VintageStory", "VintageStory", "{449E52C6-D644-489A-91F8-8577920C0296}"
EndProject
Project("{FAE04EC0-301F-11D3-BF4B-00C04F79EFBC}") = "Cairo", "VintageStory\Cairo\Cairo.csproj", "{ED28E818-4F3A-4377-B490-E5334A156215}"
EndProject
Project("{FAE04EC0-301F-11D3-BF4B-00C04F79EFBC}") = "VintagestoryAPI", "VintageStory\vsapi\VintagestoryAPI.csproj", "{4FDF83CE-35B5-48D3-9724-6DFBD0C58A38}"
EndProject
Project("{FAE04EC0-301F-11D3-BF4B-00C04F79EFBC}") = "VSSurvivalMod", "VintageStory\vssurvivalmod\VSSurvivalMod.csproj", "{13E8687C-7F4E-47EE-A0EC-3492F2B9919D}"
EndProject
Project("{FAE04EC0-301F-11D3-BF4B-00C04F79EFBC}") = "VSEssentialsMod", "VintageStory\vsessentialsmod\VSEssentialsMod.csproj", "{FFAAC6FD-1A5C-4A3F-A6AB-AC9B61C44AC3}"
EndProject
Project("{2150E333-8FDC-42A3-9474-1A3956D46DE8}") = "VintageMods", "VintageMods", "{2D783100-2F30-4190-A884-ACEC05B3F62E}"
EndProject
Project("{FAE04EC0-301F-11D3-BF4B-00C04F79EFBC}") = "Herbarium", "VintageMods\Herbarium\Herbarium.csproj", "{61FE0476-92FB-4F13-9299-E02F95F40DD6}"
EndProject
Global
	GlobalSection(SolutionConfigurationPlatforms) = preSolution
		Debug|Any CPU = Debug|Any CPU
		Release|Any CPU = Release|Any CPU
	EndGlobalSection
	GlobalSection(SolutionProperties) = preSolution
		HideSolutionNode = FALSE
	EndGlobalSection
	GlobalSection(ProjectConfigurationPlatforms) = postSolution
		{BC68EDF6-C294-4819-B7F4-9EA99B73E69D}.Debug|Any CPU.ActiveCfg = Debug|Any CPU
		{BC68EDF6-C294-4819-B7F4-9EA99B73E69D}.Debug|Any CPU.Build.0 = Debug|Any CPU
		{BC68EDF6-C294-4819-B7F4-9EA99B73E69D}.Release|Any CPU.ActiveCfg = Release|Any CPU
		{BC68EDF6-C294-4819-B7F4-9EA99B73E69D}.Release|Any CPU.Build.0 = Release|Any CPU
		{CB2100BC-F653-402A-9FBA-EA463C2BD4FC}.Debug|Any CPU.ActiveCfg = Debug|Any CPU
		{CB2100BC-F653-402A-9FBA-EA463C2BD4FC}.Debug|Any CPU.Build.0 = Debug|Any CPU
		{CB2100BC-F653-402A-9FBA-EA463C2BD4FC}.Release|Any CPU.ActiveCfg = Release|Any CPU
		{CB2100BC-F653-402A-9FBA-EA463C2BD4FC}.Release|Any CPU.Build.0 = Release|Any CPU
		{61FE0476-92FB-4F13-9299-E02F95F40DD6}.Debug|Any CPU.ActiveCfg = Debug|Any CPU
		{61FE0476-92FB-4F13-9299-E02F95F40DD6}.Debug|Any CPU.Build.0 = Debug|Any CPU
		{61FE0476-92FB-4F13-9299-E02F95F40DD6}.Release|Any CPU.ActiveCfg = Release|Any CPU
		{61FE0476-92FB-4F13-9299-E02F95F40DD6}.Release|Any CPU.Build.0 = Release|Any CPU
		{ED28E818-4F3A-4377-B490-E5334A156215}.Debug|Any CPU.ActiveCfg = Debug|Any CPU
		{ED28E818-4F3A-4377-B490-E5334A156215}.Debug|Any CPU.Build.0 = Debug|Any CPU
		{ED28E818-4F3A-4377-B490-E5334A156215}.Release|Any CPU.ActiveCfg = Release|Any CPU
		{ED28E818-4F3A-4377-B490-E5334A156215}.Release|Any CPU.Build.0 = Release|Any CPU
		{4FDF83CE-35B5-48D3-9724-6DFBD0C58A38}.Debug|Any CPU.ActiveCfg = Debug|Any CPU
		{4FDF83CE-35B5-48D3-9724-6DFBD0C58A38}.Debug|Any CPU.Build.0 = Debug|Any CPU
		{4FDF83CE-35B5-48D3-9724-6DFBD0C58A38}.Release|Any CPU.ActiveCfg = Release|Any CPU
		{4FDF83CE-35B5-48D3-9724-6DFBD0C58A38}.Release|Any CPU.Build.0 = Release|Any CPU
		{13E8687C-7F4E-47EE-A0EC-3492F2B9919D}.Debug|Any CPU.ActiveCfg = Debug|Any CPU
		{13E8687C-7F4E-47EE-A0EC-3492F2B9919D}.Debug|Any CPU.Build.0 = Debug|Any CPU
		{13E8687C-7F4E-47EE-A0EC-3492F2B9919D}.Release|Any CPU.ActiveCfg = Release|Any CPU
		{13E8687C-7F4E-47EE-A0EC-3492F2B9919D}.Release|Any CPU.Build.0 = Release|Any CPU
		{FFAAC6FD-1A5C-4A3F-A6AB-AC9B61C44AC3}.Debug|Any CPU.ActiveCfg = Debug|Any CPU
		{FFAAC6FD-1A5C-4A3F-A6AB-AC9B61C44AC3}.Debug|Any CPU.Build.0 = Debug|Any CPU
		{FFAAC6FD-1A5C-4A3F-A6AB-AC9B61C44AC3}.Release|Any CPU.ActiveCfg = Release|Any CPU
		{FFAAC6FD-1A5C-4A3F-A6AB-AC9B61C44AC3}.Release|Any CPU.Build.0 = Release|Any CPU
	EndGlobalSection
	GlobalSection(NestedProjects) = preSolution
		{ED28E818-4F3A-4377-B490-E5334A156215} = {449E52C6-D644-489A-91F8-8577920C0296}
		{4FDF83CE-35B5-48D3-9724-6DFBD0C58A38} = {449E52C6-D644-489A-91F8-8577920C0296}
		{13E8687C-7F4E-47EE-A0EC-3492F2B9919D} = {449E52C6-D644-489A-91F8-8577920C0296}
		{FFAAC6FD-1A5C-4A3F-A6AB-AC9B61C44AC3} = {449E52C6-D644-489A-91F8-8577920C0296}
		{61FE0476-92FB-4F13-9299-E02F95F40DD6} = {2D783100-2F30-4190-A884-ACEC05B3F62E}
	EndGlobalSection
EndGlobal
